# This file is automatically @generated by Poetry 2.0.1 and should not be changed by hand.

[[package]]
name = "asyncio"
version = "3.4.3"
description = "reference implementation of PEP 3156"
optional = false
python-versions = "*"
groups = ["main"]
files = [
    {file = "asyncio-3.4.3-cp33-none-win32.whl", hash = "sha256:b62c9157d36187eca799c378e572c969f0da87cd5fc42ca372d92cdb06e7e1de"},
    {file = "asyncio-3.4.3-cp33-none-win_amd64.whl", hash = "sha256:c46a87b48213d7464f22d9a497b9eef8c1928b68320a2fa94240f969f6fec08c"},
    {file = "asyncio-3.4.3-py3-none-any.whl", hash = "sha256:c4d18b22701821de07bd6aea8b53d21449ec0ec5680645e5317062ea21817d2d"},
    {file = "asyncio-3.4.3.tar.gz", hash = "sha256:83360ff8bc97980e4ff25c964c7bd3923d333d177aa4f7fb736b019f26c7cb41"},
]

[[package]]
name = "telegram"
version = "0.0.1"
description = "Telegram APIs"
optional = false
python-versions = "*"
groups = ["main"]
files = [
    {file = "telegram-0.0.1.tar.gz", hash = "sha256:d405a0af4c868a8dbeae6d03e297e21c7ee6269e11e2ed3810e15544aba02591"},
]

[metadata]
lock-version = "2.1"
python-versions = "^3.8"
content-hash = "d786fa447879b6e46faebfb9d4a2a340d2d39515cf80ae7dae70443ed98e94b4"
